{
  "name": "node",
  "lockfileVersion": 3,
  "requires": true,
  "packages": {
    "": {
      "dependencies": {
        "sip": "^0.0.6"
      }
    },
    "node_modules/async-limiter": {
      "version": "1.0.1",
      "license": "MIT"
    },
    "node_modules/sip": {
      "version": "0.0.6",
      "dependencies": {
        "ws": "^6.1.0"
      },
      "engines": {
        "node": ">=0.2.2"
      }
    },
    "node_modules/ws": {
      "version": "6.2.2",
      "license": "MIT",
      "dependencies": {
        "async-limiter": "~1.0.0"
      }
    }
  }
}
