{
  "name": "node",
  "lockfileVersion": 3,
  "requires": true,
  "packages": {
    "": {
      "dependencies": {
        "find-free-port": "^2.0.0",
        "sip": "^0.0.6"
      }
    },
    "node_modules/async-limiter": {
      "version": "1.0.1",
      "license": "MIT"
    },
    "node_modules/find-free-port": {
      "version": "2.0.0",
      "resolved": "https://registry.npmjs.org/find-free-port/-/find-free-port-2.0.0.tgz",
      "integrity": "sha512-J1j8gfEVf5FN4PR5w5wrZZ7NYs2IvqsHcd03cAeQx3Ec/mo+lKceaVNhpsRKoZpZKbId88o8qh+dwUwzBV6WCg=="
    },
    "node_modules/sip": {
      "version": "0.0.6",
      "dependencies": {
        "ws": "^6.1.0"
      },
      "engines": {
        "node": ">=0.2.2"
      }
    },
    "node_modules/ws": {
      "version": "6.2.2",
      "license": "MIT",
      "dependencies": {
        "async-limiter": "~1.0.0"
      }
    }
  }
}
